// !$*UTF8*$!
{
	archiveVersion = 1;
	classes = {
	};
	objectVersion = 48;
	objects = {

/* Begin PBXBuildFile section */
		16CD4B7A1FDAE4520064BA17 /* AppDelegate.swift in Sources */ = {isa = PBXBuildFile; fileRef = 16CD4B791FDAE4520064BA17 /* AppDelegate.swift */; };
		16CD4B7C1FDAE4520064BA17 /* ViewController.swift in Sources */ = {isa = PBXBuildFile; fileRef = 16CD4B7B1FDAE4520064BA17 /* ViewController.swift */; };
		16CD4B7F1FDAE4520064BA17 /* Main.storyboard in Resources */ = {isa = PBXBuildFile; fileRef = 16CD4B7D1FDAE4520064BA17 /* Main.storyboard */; };
		16CD4B811FDAE4520064BA17 /* Assets.xcassets in Resources */ = {isa = PBXBuildFile; fileRef = 16CD4B801FDAE4520064BA17 /* Assets.xcassets */; };
		16CD4B841FDAE4520064BA17 /* LaunchScreen.storyboard in Resources */ = {isa = PBXBuildFile; fileRef = 16CD4B821FDAE4520064BA17 /* LaunchScreen.storyboard */; };
		16CD4B8C1FDAEBE60064BA17 /* SecondViewController.swift in Sources */ = {isa = PBXBuildFile; fileRef = 16CD4B8B1FDAEBE60064BA17 /* SecondViewController.swift */; };
		16CD4B8E1FDAEC340064BA17 /* FirstViewController.swift in Sources */ = {isa = PBXBuildFile; fileRef = 16CD4B8D1FDAEC340064BA17 /* FirstViewController.swift */; };
/* End PBXBuildFile section */

/* Begin PBXFileReference section */
		16CD4B761FDAE4520064BA17 /* SeguesTwoPointOh.app */ = {isa = PBXFileReference; explicitFileType = wrapper.application; includeInIndex = 0; path = SeguesTwoPointOh.app; sourceTree = BUILT_PRODUCTS_DIR; };
		16CD4B791FDAE4520064BA17 /* AppDelegate.swift */ = {isa = PBXFileReference; lastKnownFileType = sourcecode.swift; path = AppDelegate.swift; sourceTree = "<group>"; };
		16CD4B7B1FDAE4520064BA17 /* ViewController.swift */ = {isa = PBXFileReference; lastKnownFileType = sourcecode.swift; path = ViewController.swift; sourceTree = "<group>"; };
		16CD4B7E1FDAE4520064BA17 /* Base */ = {isa = PBXFileReference; lastKnownFileType = file.storyboard; name = Base; path = Base.lproj/Main.storyboard; sourceTree = "<group>"; };
		16CD4B801FDAE4520064BA17 /* Assets.xcassets */ = {isa = PBXFileReference; lastKnownFileType = folder.assetcatalog; path = Assets.xcassets; sourceTree = "<group>"; };
		16CD4B831FDAE4520064BA17 /* Base */ = {isa = PBXFileReference; lastKnownFileType = file.storyboard; name = Base; path = Base.lproj/LaunchScreen.storyboard; sourceTree = "<group>"; };
		16CD4B851FDAE4520064BA17 /* Info.plist */ = {isa = PBXFileReference; lastKnownFileType = text.plist.xml; path = Info.plist; sourceTree = "<group>"; };
		16CD4B8B1FDAEBE60064BA17 /* SecondViewController.swift */ = {isa = PBXFileReference; lastKnownFileType = sourcecode.swift; path = SecondViewController.swift; sourceTree = "<group>"; };
		16CD4B8D1FDAEC340064BA17 /* FirstViewController.swift */ = {isa = PBXFileReference; lastKnownFileType = sourcecode.swift; path = FirstViewController.swift; sourceTree = "<group>"; };
/* End PBXFileReference section */

/* Begin PBXFrameworksBuildPhase section */
		16CD4B731FDAE4520064BA17 /* Frameworks */ = {
			isa = PBXFrameworksBuildPhase;
			buildActionMask = 2147483647;
			files = (
			);
			runOnlyForDeploymentPostprocessing = 0;
		};
/* End PBXFrameworksBuildPhase section */

/* Begin PBXGroup section */
		16CD4B6D1FDAE4520064BA17 = {
			isa = PBXGroup;
			children = (
				16CD4B781FDAE4520064BA17 /* SeguesTwoPointOh */,
				16CD4B771FDAE4520064BA17 /* Products */,
			);
			sourceTree = "<group>";
		};
		16CD4B771FDAE4520064BA17 /* Products */ = {
			isa = PBXGroup;
			children = (
				16CD4B761FDAE4520064BA17 /* SeguesTwoPointOh.app */,
			);
			name = Products;
			sourceTree = "<group>";
		};
		16CD4B781FDAE4520064BA17 /* SeguesTwoPointOh */ = {
			isa = PBXGroup;
			children = (
				16CD4B791FDAE4520064BA17 /* AppDelegate.swift */,
				16CD4B7B1FDAE4520064BA17 /* ViewController.swift */,
				16CD4B8D1FDAEC340064BA17 /* FirstViewController.swift */,
				16CD4B8B1FDAEBE60064BA17 /* SecondViewController.swift */,
				16CD4B7D1FDAE4520064BA17 /* Main.storyboard */,
				16CD4B801FDAE4520064BA17 /* Assets.xcassets */,
				16CD4B821FDAE4520064BA17 /* LaunchScreen.storyboard */,
				16CD4B851FDAE4520064BA17 /* Info.plist */,
			);
			path = SeguesTwoPointOh;
			sourceTree = "<group>";
		};
/* End PBXGroup section */

/* Begin PBXNativeTarget section */
		16CD4B751FDAE4520064BA17 /* SeguesTwoPointOh */ = {
			isa = PBXNativeTarget;
			buildConfigurationList = 16CD4B881FDAE4520064BA17 /* Build configuration list for PBXNativeTarget "SeguesTwoPointOh" */;
			buildPhases = (
				16CD4B721FDAE4520064BA17 /* Sources */,
				16CD4B731FDAE4520064BA17 /* Frameworks */,
				16CD4B741FDAE4520064BA17 /* Resources */,
			);
			buildRules = (
			);
			dependencies = (
			);
			name = SeguesTwoPointOh;
			productName = SeguesTwoPointOh;
			productReference = 16CD4B761FDAE4520064BA17 /* SeguesTwoPointOh.app */;
			productType = "com.apple.product-type.application";
		};
/* End PBXNativeTarget section */

/* Begin PBXProject section */
		16CD4B6E1FDAE4520064BA17 /* Project object */ = {
			isa = PBXProject;
			attributes = {
				LastSwiftUpdateCheck = 0910;
				LastUpgradeCheck = 0910;
				ORGANIZATIONNAME = "Thando Mini";
				TargetAttributes = {
					16CD4B751FDAE4520064BA17 = {
						CreatedOnToolsVersion = 9.1;
						ProvisioningStyle = Automatic;
					};
				};
			};
			buildConfigurationList = 16CD4B711FDAE4520064BA17 /* Build configuration list for PBXProject "SeguesTwoPointOh" */;
			compatibilityVersion = "Xcode 8.0";
			developmentRegion = en;
			hasScannedForEncodings = 0;
			knownRegions = (
				en,
				Base,
			);
			mainGroup = 16CD4B6D1FDAE4520064BA17;
			productRefGroup = 16CD4B771FDAE4520064BA17 /* Products */;
			projectDirPath = "";
			projectRoot = "";
			targets = (
				16CD4B751FDAE4520064BA17 /* SeguesTwoPointOh */,
			);
		};
/* End PBXProject section */

/* Begin PBXResourcesBuildPhase section */
		16CD4B741FDAE4520064BA17 /* Resources */ = {
			isa = PBXResourcesBuildPhase;
			buildActionMask = 2147483647;
			files = (
				16CD4B841FDAE4520064BA17 /* LaunchScreen.storyboard in Resources */,
				16CD4B811FDAE4520064BA17 /* Assets.xcassets in Resources */,
				16CD4B7F1FDAE4520064BA17 /* Main.storyboard in Resources */,
			);
			runOnlyForDeploymentPostprocessing = 0;
		};
/* End PBXResourcesBuildPhase section */

/* Begin PBXSourcesBuildPhase section */
		16CD4B721FDAE4520064BA17 /* Sources */ = {
			isa = PBXSourcesBuildPhase;
			buildActionMask = 2147483647;
			files = (
				16CD4B8C1FDAEBE60064BA17 /* SecondViewController.swift in Sources */,
				16CD4B7C1FDAE4520064BA17 /* ViewController.swift in Sources */,
				16CD4B7A1FDAE4520064BA17 /* AppDelegate.swift in Sources */,
				16CD4B8E1FDAEC340064BA17 /* FirstViewController.swift in Sources */,
			);
			runOnlyForDeploymentPostprocessing = 0;
		};
/* End PBXSourcesBuildPhase section */

/* Begin PBXVariantGroup section */
		16CD4B7D1FDAE4520064BA17 /* Main.storyboard */ = {
			isa = PBXVariantGroup;
			children = (
				16CD4B7E1FDAE4520064BA17 /* Base */,
			);
			name = Main.storyboard;
			sourceTree = "<group>";
		};
		16CD4B821FDAE4520064BA17 /* LaunchScreen.storyboard */ = {
			isa = PBXVariantGroup;
			children = (
				16CD4B831FDAE4520064BA17 /* Base */,
			);
			name = LaunchScreen.storyboard;
			sourceTree = "<group>";
		};
/* End PBXVariantGroup section */

/* Begin XCBuildConfiguration section */
		16CD4B861FDAE4520064BA17 /* Debug */ = {
			isa = XCBuildConfiguration;
			buildSettings = {
				ALWAYS_SEARCH_USER_PATHS = NO;
				CLANG_ANALYZER_NONNULL = YES;
				CLANG_ANALYZER_NUMBER_OBJECT_CONVERSION = YES_AGGRESSIVE;
				CLANG_CXX_LANGUAGE_STANDARD = "gnu++14";
				CLANG_CXX_LIBRARY = "libc++";
				CLANG_ENABLE_MODULES = YES;
				CLANG_ENABLE_OBJC_ARC = YES;
				CLANG_WARN_BLOCK_CAPTURE_AUTORELEASING = YES;
				CLANG_WARN_BOOL_CONVERSION = YES;
				CLANG_WARN_COMMA = YES;
				CLANG_WARN_CONSTANT_CONVERSION = YES;
				CLANG_WARN_DIRECT_OBJC_ISA_USAGE = YES_ERROR;
				CLANG_WARN_DOCUMENTATION_COMMENTS = YES;
				CLANG_WARN_EMPTY_BODY = YES;
				CLANG_WARN_ENUM_CONVERSION = YES;
				CLANG_WARN_INFINITE_RECURSION = YES;
				CLANG_WARN_INT_CONVERSION = YES;
				CLANG_WARN_NON_LITERAL_NULL_CONVERSION = YES;
				CLANG_WARN_OBJC_LITERAL_CONVERSION = YES;
				CLANG_WARN_OBJC_ROOT_CLASS = YES_ERROR;
				CLANG_WARN_RANGE_LOOP_ANALYSIS = YES;
				CLANG_WARN_STRICT_PROTOTYPES = YES;
				CLANG_WARN_SUSPICIOUS_MOVE = YES;
				CLANG_WARN_UNGUARDED_AVAILABILITY = YES_AGGRESSIVE;
				CLANG_WARN_UNREACHABLE_CODE = YES;
				CLANG_WARN__DUPLICATE_METHOD_MATCH = YES;
				CODE_SIGN_IDENTITY = "iPhone Developer";
				COPY_PHASE_STRIP = NO;
				DEBUG_INFORMATION_FORMAT = dwarf;
				ENABLE_STRICT_OBJC_MSGSEND = YES;
				ENABLE_TESTABILITY = YES;
				GCC_C_LANGUAGE_STANDARD = gnu11;
				GCC_DYNAMIC_NO_PIC = NO;
				GCC_NO_COMMON_BLOCKS = YES;
				GCC_OPTIMIZATION_LEVEL = 0;
				GCC_PREPROCESSOR_DEFINITIONS = (
					"DEBUG=1",
					"$(inherited)",
				);
				GCC_WARN_64_TO_32_BIT_CONVERSION = YES;
				GCC_WARN_ABOUT_RETURN_TYPE = YES_ERROR;
				GCC_WARN_UNDECLARED_SELECTOR = YES;
				GCC_WARN_UNINITIALIZED_AUTOS = YES_AGGRESSIVE;
				GCC_WARN_UNUSED_FUNCTION = YES;
				GCC_WARN_UNUSED_VARIABLE = YES;
				IPHONEOS_DEPLOYMENT_TARGET = 11.1;
				MTL_ENABLE_DEBUG_INFO = YES;
				ONLY_ACTIVE_ARCH = YES;
				SDKROOT = iphoneos;
				SWIFT_ACTIVE_COMPILATION_CONDITIONS = DEBUG;
				SWIFT_OPTIMIZATION_LEVEL = "-Onone";
			};
			name = Debug;
		};
		16CD4B871FDAE4520064BA17 /* Release */ = {
			isa = XCBuildConfiguration;
			buildSettings = {
				ALWAYS_SEARCH_USER_PATHS = NO;
				CLANG_ANALYZER_NONNULL = YES;
				CLANG_ANALYZER_NUMBER_OBJECT_CONVERSION = YES_AGGRESSIVE;
				CLANG_CXX_LANGUAGE_STANDARD = "gnu++14";
				CLANG_CXX_LIBRARY = "libc++";
				CLANG_ENABLE_MODULES = YES;
				CLANG_ENABLE_OBJC_ARC = YES;
				CLANG_WARN_BLOCK_CAPTURE_AUTORELEASING = YES;
				CLANG_WARN_BOOL_CONVERSION = YES;
				CLANG_WARN_COMMA = YES;
				CLANG_WARN_CONSTANT_CONVERSION = YES;
				CLANG_WARN_DIRECT_OBJC_ISA_USAGE = YES_ERROR;
				CLANG_WARN_DOCUMENTATION_COMMENTS = YES;
				CLANG_WARN_EMPTY_BODY = YES;
				CLANG_WARN_ENUM_CONVERSION = YES;
				CLANG_WARN_INFINITE_RECURSION = YES;
				CLANG_WARN_INT_CONVERSION = YES;
				CLANG_WARN_NON_LITERAL_NULL_CONVERSION = YES;
				CLANG_WARN_OBJC_LITERAL_CONVERSION = YES;
				CLANG_WARN_OBJC_ROOT_CLASS = YES_ERROR;
				CLANG_WARN_RANGE_LOOP_ANALYSIS = YES;
				CLANG_WARN_STRICT_PROTOTYPES = YES;
				CLANG_WARN_SUSPICIOUS_MOVE = YES;
				CLANG_WARN_UNGUARDED_AVAILABILITY = YES_AGGRESSIVE;
				CLANG_WARN_UNREACHABLE_CODE = YES;
				CLANG_WARN__DUPLICATE_METHOD_MATCH = YES;
				CODE_SIGN_IDENTITY = "iPhone Developer";
				COPY_PHASE_STRIP = NO;
				DEBUG_INFORMATION_FORMAT = "dwarf-with-dsym";
				ENABLE_NS_ASSERTIONS = NO;
				ENABLE_STRICT_OBJC_MSGSEND = YES;
				GCC_C_LANGUAGE_STANDARD = gnu11;
				GCC_NO_COMMON_BLOCKS = YES;
				GCC_WARN_64_TO_32_BIT_CONVERSION = YES;
				GCC_WARN_ABOUT_RETURN_TYPE = YES_ERROR;
				GCC_WARN_UNDECLARED_SELECTOR = YES;
				GCC_WARN_UNINITIALIZED_AUTOS = YES_AGGRESSIVE;
				GCC_WARN_UNUSED_FUNCTION = YES;
				GCC_WARN_UNUSED_VARIABLE = YES;
				IPHONEOS_DEPLOYMENT_TARGET = 11.1;
				MTL_ENABLE_DEBUG_INFO = NO;
				SDKROOT = iphoneos;
				SWIFT_OPTIMIZATION_LEVEL = "-Owholemodule";
				VALIDATE_PRODUCT = YES;
			};
			name = Release;
		};
		16CD4B891FDAE4520064BA17 /* Debug */ = {
			isa = XCBuildConfiguration;
			buildSettings = {
				ASSETCATALOG_COMPILER_APPICON_NAME = AppIcon;
				CODE_SIGN_STYLE = Automatic;
				DEVELOPMENT_TEAM = LP99H799D5;
				INFOPLIST_FILE = SeguesTwoPointOh/Info.plist;
				LD_RUNPATH_SEARCH_PATHS = "$(inherited) @executable_path/Frameworks";
				PRODUCT_BUNDLE_IDENTIFIER = za.co.thandotec.SeguesTwoPointOh;
				PRODUCT_NAME = "$(TARGET_NAME)";
				SWIFT_VERSION = 4.0;
				TARGETED_DEVICE_FAMILY = "1,2";
			};
			name = Debug;
		};
		16CD4B8A1FDAE4520064BA17 /* Release */ = {
			isa = XCBuildConfiguration;
			buildSettings = {
				ASSETCATALOG_COMPILER_APPICON_NAME = AppIcon;
				CODE_SIGN_STYLE = Automatic;
				DEVELOPMENT_TEAM = LP99H799D5;
				INFOPLIST_FILE = SeguesTwoPointOh/Info.plist;
				LD_RUNPATH_SEARCH_PATHS = "$(inherited) @executable_path/Frameworks";
				PRODUCT_BUNDLE_IDENTIFIER = za.co.thandotec.SeguesTwoPointOh;
				PRODUCT_NAME = "$(TARGET_NAME)";
				SWIFT_VERSION = 4.0;
				TARGETED_DEVICE_FAMILY = "1,2";
			};
			name = Release;
		};
/* End XCBuildConfiguration section */

/* Begin XCConfigurationList section */
		16CD4B711FDAE4520064BA17 /* Build configuration list for PBXProject "SeguesTwoPointOh" */ = {
			isa = XCConfigurationList;
			buildConfigurations = (
				16CD4B861FDAE4520064BA17 /* Debug */,
				16CD4B871FDAE4520064BA17 /* Release */,
			);
			defaultConfigurationIsVisible = 0;
			defaultConfigurationName = Release;
		};
		16CD4B881FDAE4520064BA17 /* Build configuration list for PBXNativeTarget "SeguesTwoPointOh" */ = {
			isa = XCConfigurationList;
			buildConfigurations = (
				16CD4B891FDAE4520064BA17 /* Debug */,
				16CD4B8A1FDAE4520064BA17 /* Release */,
			);
			defaultConfigurationIsVisible = 0;
			defaultConfigurationName = Release;
		};
/* End XCConfigurationList section */
	};
	rootObject = 16CD4B6E1FDAE4520064BA17 /* Project object */;
}
